# THIS IS AN AUTOGENERATED FILE. DO NOT EDIT THIS FILE DIRECTLY.
# yarn lockfile v1


typed-contract@1.2.3:
  version "1.2.3"
  resolved "https://registry.yarnpkg.com/typed-contract/-/typed-contract-1.2.3.tgz#4bc1af1f3d840291c3ff90d3a6c557f1c5af21b5"

typescript@1.8.10:
  version "1.8.10"
  resolved "https://registry.yarnpkg.com/typescript/-/typescript-1.8.10.tgz#b475d6e0dff0bf50f296e5ca6ef9fbb5c7320f1e"
